
Microsoft Visual Studio Solution File, Format Version 12.00
# Visual Studio 15
VisualStudioVersion = 15.0.28307.271
MinimumVisualStudioVersion = 10.0.40219.1
Project("{8BC9CEB8-8B4A-11D0-8D11-00A0C91BC942}") = "test1_b", "test1_b\test1_b.vcxproj", "{BF7AA937-2B79-492C-8842-B4C061A234DD}"
EndProject
Global
	GlobalSection(SolutionConfigurationPlatforms) = preSolution
		Debug|x64 = Debug|x64
		Debug|x86 = Debug|x86
		Release|x64 = Release|x64
		Release|x86 = Release|x86
	EndGlobalSection
	GlobalSection(ProjectConfigurationPlatforms) = postSolution
		{BF7AA937-2B79-492C-8842-B4C061A234DD}.Debug|x64.ActiveCfg = Debug|x64
		{BF7AA937-2B79-492C-8842-B4C061A234DD}.Debug|x64.Build.0 = Debug|x64
		{BF7AA937-2B79-492C-8842-B4C061A234DD}.Debug|x86.ActiveCfg = Debug|Win32
		{BF7AA937-2B79-492C-8842-B4C061A234DD}.Debug|x86.Build.0 = Debug|Win32
		{BF7AA937-2B79-492C-8842-B4C061A234DD}.Release|x64.ActiveCfg = Release|x64
		{BF7AA937-2B79-492C-8842-B4C061A234DD}.Release|x64.Build.0 = Release|x64
		{BF7AA937-2B79-492C-8842-B4C061A234DD}.Release|x86.ActiveCfg = Release|Win32
		{BF7AA937-2B79-492C-8842-B4C061A234DD}.Release|x86.Build.0 = Release|Win32
	EndGlobalSection
	GlobalSection(SolutionProperties) = preSolution
		HideSolutionNode = FALSE
	EndGlobalSection
	GlobalSection(ExtensibilityGlobals) = postSolution
		SolutionGuid = {CBF5AE37-BDC2-4366-A254-9A3A77E60F72}
	EndGlobalSection
EndGlobal
